
Microsoft Visual Studio Solution File, Format Version 12.00
Project("{2150E333-8FDC-42A3-9474-1A3956D46DE8}") = "AuthService", "AuthService", "{A38CE1B6-EE99-4359-ADF2-BCC8007231BD}"
EndProject
Project("{FAE04EC0-301F-11D3-BF4B-00C04F79EFBC}") = "AuthService.WebAPI", "AuthService.WebAPI\AuthService.WebAPI.csproj", "{C52AF84A-27E9-484B-9424-7D03EC710DD2}"
EndProject
Global
	GlobalSection(SolutionConfigurationPlatforms) = preSolution
		Debug|Any CPU = Debug|Any CPU
		Release|Any CPU = Release|Any CPU
	EndGlobalSection
	GlobalSection(NestedProjects) = preSolution
		{C52AF84A-27E9-484B-9424-7D03EC710DD2} = {A38CE1B6-EE99-4359-ADF2-BCC8007231BD}
	EndGlobalSection
	GlobalSection(ProjectConfigurationPlatforms) = postSolution
		{C52AF84A-27E9-484B-9424-7D03EC710DD2}.Debug|Any CPU.ActiveCfg = Debug|Any CPU
		{C52AF84A-27E9-484B-9424-7D03EC710DD2}.Debug|Any CPU.Build.0 = Debug|Any CPU
		{C52AF84A-27E9-484B-9424-7D03EC710DD2}.Release|Any CPU.ActiveCfg = Release|Any CPU
		{C52AF84A-27E9-484B-9424-7D03EC710DD2}.Release|Any CPU.Build.0 = Release|Any CPU
	EndGlobalSection
EndGlobal
